// !$*UTF8*$!
{
	archiveVersion = 1;
	classes = {
	};
	objectVersion = 100;
	objects = {

/* Begin PBXContainerItemProxy section */
		0A765D27301FED9B0085B397 /* PBXContainerItemProxy */ = {
			isa = PBXContainerItemProxy;
			containerPortal = 0A765D06301FED990085B397 /* Project object */;
			proxyType = 1;
			remoteGlobalIDString = 0A765D0D301FED990085B397;
			remoteInfo = "city of surf";
		};
		0A765D31301FED9B0085B397 /* PBXContainerItemProxy */ = {
			isa = PBXContainerItemProxy;
			containerPortal = 0A765D06301FED990085B397 /* Project object */;
			proxyType = 1;
			remoteGlobalIDString = 0A765D0D301FED990085B397;
			remoteInfo = "city of surf";
		};
/* End PBXContainerItemProxy section */

/* Begin PBXFileReference section */
		0A765D0E301FED990085B397 /* city of surf.app */ = {isa = PBXFileReference; explicitFileType = wrapper.application; includeInIndex = 0; path = "city of surf.app"; sourceTree = BUILT_PRODUCTS_DIR; };
		0A765D26301FED9B0085B397 /* city of surfTests.xctest */ = {isa = PBXFileReference; explicitFileType = wrapper.cfbundle; includeInIndex = 0; path = "city of surfTests.xctest"; sourceTree = BUILT_PRODUCTS_DIR; };
		0A765D30301FED9B0085B397 /* city of surfUITests.xctest */ = {isa = PBXFileReference; explicitFileType = wrapper.cfbundle; includeInIndex = 0; path = "city of surfUITests.xctest"; sourceTree = BUILT_PRODUCTS_DIR; };
/* End PBXFileReference section */

/* Begin PBXFileSystemSynchronizedBuildFileExceptionSet section */
		0A765D38301FED9B0085B397 /* Exceptions for "city of surf" folder in "city of surf" target */ = {
			isa = PBXFileSystemSynchronizedBuildFileExceptionSet;
			membershipExceptions = (
				Info.plist,
			);
			target = 0A765D0D301FED990085B397 /* city of surf */;
		};
/* End PBXFileSystemSynchronizedBuildFileExceptionSet section */

/* Begin PBXFileSystemSynchronizedRootGroup section */
		0A765D10301FED990085B397 /* city of surf */ = {
			isa = PBXFileSystemSynchronizedRootGroup;
			exceptions = (
				0A765D38301FED9B0085B397 /* Exceptions for "city of surf" folder in "city of surf" target */,
			);
			path = "city of surf";
			sourceTree = "<group>";
		};
		0A765D29301FED9B0085B397 /* city of surfTests */ = {
			isa = PBXFileSystemSynchronizedRootGroup;
			path = "city of surfTests";
			sourceTree = "<group>";
		};
		0A765D33301FED9B0085B397 /* city of surfUITests */ = {
			isa = PBXFileSystemSynchronizedRootGroup;
			path = "city of surfUITests";
			sourceTree = "<group>";
		};
/* End PBXFileSystemSynchronizedRootGroup section */

/* Begin PBXFrameworksBuildPhase section */
		0A765D0B301FED990085B397 /* Frameworks */ = {
			isa = PBXFrameworksBuildPhase;
			files = (
			);
		};
		0A765D23301FED9B0085B397 /* Frameworks */ = {
			isa = PBXFrameworksBuildPhase;
			files = (
			);
		};
		0A765D2D301FED9B0085B397 /* Frameworks */ = {
			isa = PBXFrameworksBuildPhase;
			files = (
			);
		};
/* End PBXFrameworksBuildPhase section */

/* Begin PBXGroup section */
		0A765D05301FED990085B397 = {
			isa = PBXGroup;
			children = (
				0A765D10301FED990085B397 /* city of surf */,
				0A765D29301FED9B0085B397 /* city of surfTests */,
				0A765D33301FED9B0085B397 /* city of surfUITests */,
				0A765D0F301FED990085B397 /* Products */,
			);
			sourceTree = "<group>";
		};
		0A765D0F301FED990085B397 /* Products */ = {
			isa = PBXGroup;
			children = (
				0A765D0E301FED990085B397 /* city of surf.app */,
				0A765D26301FED9B0085B397 /* city of surfTests.xctest */,
				0A765D30301FED9B0085B397 /* city of surfUITests.xctest */,
			);
			name = Products;
			sourceTree = "<group>";
		};
/* End PBXGroup section */

/* Begin PBXNativeTarget section */
		0A765D0D301FED990085B397 /* city of surf */ = {
			isa = PBXNativeTarget;
			buildConfigurationList = 0A765D39301FED9B0085B397 /* Build configuration list for PBXNativeTarget "city of surf" */;
			buildPhases = (
				0A765D0A301FED990085B397 /* Sources */,
				0A765D0B301FED990085B397 /* Frameworks */,
				0A765D0C301FED990085B397 /* Resources */,
			);
			buildRules = (
			);
			fileSystemSynchronizedGroups = (
				0A765D10301FED990085B397 /* city of surf */,
			);
			name = "city of surf";
			productName = "city of surf";
			productReference = 0A765D0E301FED990085B397 /* city of surf.app */;
			productType = "com.apple.product-type.application";
		};
		0A765D25301FED9B0085B397 /* city of surfTests */ = {
			isa = PBXNativeTarget;
			buildConfigurationList = 0A765D3E301FED9B0085B397 /* Build configuration list for PBXNativeTarget "city of surfTests" */;
			buildPhases = (
				0A765D22301FED9B0085B397 /* Sources */,
				0A765D23301FED9B0085B397 /* Frameworks */,
				0A765D24301FED9B0085B397 /* Resources */,
			);
			buildRules = (
			);
			dependencies = (
				0A765D28301FED9B0085B397 /* PBXTargetDependency */,
			);
			fileSystemSynchronizedGroups = (
				0A765D29301FED9B0085B397 /* city of surfTests */,
			);
			name = "city of surfTests";
			productName = "city of surfTests";
			productReference = 0A765D26301FED9B0085B397 /* city of surfTests.xctest */;
			productType = "com.apple.product-type.bundle.unit-test";
		};
		0A765D2F301FED9B0085B397 /* city of surfUITests */ = {
			isa = PBXNativeTarget;
			buildConfigurationList = 0A765D41301FED9B0085B397 /* Build configuration list for PBXNativeTarget "city of surfUITests" */;
			buildPhases = (
				0A765D2C301FED9B0085B397 /* Sources */,
				0A765D2D301FED9B0085B397 /* Frameworks */,
				0A765D2E301FED9B0085B397 /* Resources */,
			);
			buildRules = (
			);
			dependencies = (
				0A765D32301FED9B0085B397 /* PBXTargetDependency */,
			);
			fileSystemSynchronizedGroups = (
				0A765D33301FED9B0085B397 /* city of surfUITests */,
			);
			name = "city of surfUITests";
			productName = "city of surfUITests";
			productReference = 0A765D30301FED9B0085B397 /* city of surfUITests.xctest */;
			productType = "com.apple.product-type.bundle.ui-testing";
		};
/* End PBXNativeTarget section */

/* Begin PBXProject section */
		0A765D06301FED990085B397 /* Project object */ = {
			isa = PBXProject;
			attributes = {
				BuildIndependentTargetsInParallel = 1;
				LastSwiftUpdateCheck = 2660;
				LastUpgradeCheck = 2660;
				TargetAttributes = {
					0A765D0D301FED990085B397 = {
						CreatedOnToolsVersion = 26.6;
					};
					0A765D25301FED9B0085B397 = {
						CreatedOnToolsVersion = 26.6;
						TestTargetID = 0A765D0D301FED990085B397;
					};
					0A765D2F301FED9B0085B397 = {
						CreatedOnToolsVersion = 26.6;
						TestTargetID = 0A765D0D301FED990085B397;
					};
				};
			};
			buildConfigurationList = 0A765D09301FED990085B397 /* Build configuration list for PBXProject "city of surf" */;
			developmentRegion = en;
			hasScannedForEncodings = 0;
			knownRegions = (
				en,
				Base,
			);
			mainGroup = 0A765D05301FED990085B397;
			minimizedProjectReferenceProxies = 1;
			preferredProjectObjectVersion = 100;
			productRefGroup = 0A765D0F301FED990085B397 /* Products */;
			projectDirPath = "";
			projectRoot = "";
			targets = (
				0A765D0D301FED990085B397 /* city of surf */,
				0A765D25301FED9B0085B397 /* city of surfTests */,
				0A765D2F301FED9B0085B397 /* city of surfUITests */,
			);
		};
/* End PBXProject section */

/* Begin PBXResourcesBuildPhase section */
		0A765D0C301FED990085B397 /* Resources */ = {
			isa = PBXResourcesBuildPhase;
			files = (
			);
		};
		0A765D24301FED9B0085B397 /* Resources */ = {
			isa = PBXResourcesBuildPhase;
			files = (
			);
		};
		0A765D2E301FED9B0085B397 /* Resources */ = {
			isa = PBXResourcesBuildPhase;
			files = (
			);
		};
/* End PBXResourcesBuildPhase section */

/* Begin PBXSourcesBuildPhase section */
		0A765D0A301FED990085B397 /* Sources */ = {
			isa = PBXSourcesBuildPhase;
			files = (
			);
		};
		0A765D22301FED9B0085B397 /* Sources */ = {
			isa = PBXSourcesBuildPhase;
			files = (
			);
		};
		0A765D2C301FED9B0085B397 /* Sources */ = {
			isa = PBXSourcesBuildPhase;
			files = (
			);
		};
/* End PBXSourcesBuildPhase section */

/* Begin PBXTargetDependency section */
		0A765D28301FED9B0085B397 /* PBXTargetDependency */ = {
			isa = PBXTargetDependency;
			target = 0A765D0D301FED990085B397 /* city of surf */;
			targetProxy = 0A765D27301FED9B0085B397 /* PBXContainerItemProxy */;
		};
		0A765D32301FED9B0085B397 /* PBXTargetDependency */ = {
			isa = PBXTargetDependency;
			target = 0A765D0D301FED990085B397 /* city of surf */;
			targetProxy = 0A765D31301FED9B0085B397 /* PBXContainerItemProxy */;
		};
/* End PBXTargetDependency section */

/* Begin XCBuildConfiguration section */
		0A765D3A301FED9B0085B397 /* Debug configuration for PBXNativeTarget "city of surf" */ = {
			isa = XCBuildConfiguration;
			buildSettings = {
				ASSETCATALOG_COMPILER_APPICON_NAME = AppIcon;
				ASSETCATALOG_COMPILER_GLOBAL_ACCENT_COLOR_NAME = AccentColor;
				CODE_SIGN_STYLE = Automatic;
				CURRENT_PROJECT_VERSION = 1;
				DEVELOPMENT_TEAM = RFN59MUTQ3;
				GENERATE_INFOPLIST_FILE = YES;
				INFOPLIST_FILE = "city of surf/Info.plist";
				INFOPLIST_KEY_CFBundleDisplayName = "Flood Surfer";
				INFOPLIST_KEY_UIApplicationSupportsIndirectInputEvents = YES;
				INFOPLIST_KEY_UIMainStoryboardFile = Main;
				INFOPLIST_KEY_UIRequiredDeviceCapabilities = metal;
				INFOPLIST_KEY_UIStatusBarHidden = YES;
				INFOPLIST_KEY_UISupportedInterfaceOrientations = UIInterfaceOrientationPortrait;
				INFOPLIST_KEY_UISupportedInterfaceOrientations_iPad = UIInterfaceOrientationPortrait;
				INFOPLIST_KEY_UISupportedInterfaceOrientations_iPhone = UIInterfaceOrientationPortrait;
				LD_RUNPATH_SEARCH_PATHS = (
					"$(inherited)",
					"@executable_path/Frameworks",
				);
				MARKETING_VERSION = 1.0;
				PRODUCT_BUNDLE_IDENTIFIER = "silkrock.city-of-surf";
				PRODUCT_NAME = "$(TARGET_NAME)";
				STRING_CATALOG_GENERATE_SYMBOLS = YES;
				SWIFT_APPROACHABLE_CONCURRENCY = YES;
				SWIFT_DEFAULT_ACTOR_ISOLATION = MainActor;
				SWIFT_EMIT_LOC_STRINGS = YES;
				SWIFT_OBJC_BRIDGING_HEADER = "$(TARGET_NAME)/ShaderTypes.h";
				SWIFT_UPCOMING_FEATURE_MEMBER_IMPORT_VISIBILITY = YES;
				SWIFT_VERSION = 5.0;
				TARGETED_DEVICE_FAMILY = 1;
			};
			name = Debug;
		};
		0A765D3B301FED9B0085B397 /* Release configuration for PBXNativeTarget "city of surf" */ = {
			isa = XCBuildConfiguration;
			buildSettings = {
				ASSETCATALOG_COMPILER_APPICON_NAME = AppIcon;
				ASSETCATALOG_COMPILER_GLOBAL_ACCENT_COLOR_NAME = AccentColor;
				CODE_SIGN_STYLE = Automatic;
				CURRENT_PROJECT_VERSION = 1;
				DEVELOPMENT_TEAM = RFN59MUTQ3;
				GENERATE_INFOPLIST_FILE = YES;
				INFOPLIST_FILE = "city of surf/Info.plist";
				INFOPLIST_KEY_CFBundleDisplayName = "Flood Surfer";
				INFOPLIST_KEY_UIApplicationSupportsIndirectInputEvents = YES;
				INFOPLIST_KEY_UIMainStoryboardFile = Main;
				INFOPLIST_KEY_UIRequiredDeviceCapabilities = metal;
				INFOPLIST_KEY_UIStatusBarHidden = YES;
				INFOPLIST_KEY_UISupportedInterfaceOrientations = UIInterfaceOrientationPortrait;
				INFOPLIST_KEY_UISupportedInterfaceOrientations_iPad = UIInterfaceOrientationPortrait;
				INFOPLIST_KEY_UISupportedInterfaceOrientations_iPhone = UIInterfaceOrientationPortrait;
				LD_RUNPATH_SEARCH_PATHS = (
					"$(inherited)",
					"@executable_path/Frameworks",
				);
				MARKETING_VERSION = 1.0;
				PRODUCT_BUNDLE_IDENTIFIER = "silkrock.city-of-surf";
				PRODUCT_NAME = "$(TARGET_NAME)";
				STRING_CATALOG_GENERATE_SYMBOLS = YES;
				SWIFT_APPROACHABLE_CONCURRENCY = YES;
				SWIFT_DEFAULT_ACTOR_ISOLATION = MainActor;
				SWIFT_EMIT_LOC_STRINGS = YES;
				SWIFT_OBJC_BRIDGING_HEADER = "$(TARGET_NAME)/ShaderTypes.h";
				SWIFT_UPCOMING_FEATURE_MEMBER_IMPORT_VISIBILITY = YES;
				SWIFT_VERSION = 5.0;
				TARGETED_DEVICE_FAMILY = 1;
			};
			name = Release;
		};
		0A765D3C301FED9B0085B397 /* Debug configuration for PBXProject "city of surf" */ = {
			isa = XCBuildConfiguration;
			buildSettings = {
				ALWAYS_SEARCH_USER_PATHS = NO;
				ASSETCATALOG_COMPILER_GENERATE_SWIFT_ASSET_SYMBOL_EXTENSIONS = YES;
				CLANG_ANALYZER_NONNULL = YES;
				CLANG_ANALYZER_NUMBER_OBJECT_CONVERSION = YES_AGGRESSIVE;
				CLANG_CXX_LANGUAGE_STANDARD = "gnu++20";
				CLANG_ENABLE_MODULES = YES;
				CLANG_ENABLE_OBJC_ARC = YES;
				CLANG_ENABLE_OBJC_WEAK = YES;
				CLANG_WARN_BLOCK_CAPTURE_AUTORELEASING = YES;
				CLANG_WARN_BOOL_CONVERSION = YES;
				CLANG_WARN_COMMA = YES;
				CLANG_WARN_CONSTANT_CONVERSION = YES;
				CLANG_WARN_DEPRECATED_OBJC_IMPLEMENTATIONS = YES;
				CLANG_WARN_DIRECT_OBJC_ISA_USAGE = YES_ERROR;
				CLANG_WARN_DOCUMENTATION_COMMENTS = YES;
				CLANG_WARN_EMPTY_BODY = YES;
				CLANG_WARN_ENUM_CONVERSION = YES;
				CLANG_WARN_INFINITE_RECURSION = YES;
				CLANG_WARN_INT_CONVERSION = YES;
				CLANG_WARN_NON_LITERAL_NULL_CONVERSION = YES;
				CLANG_WARN_OBJC_IMPLICIT_RETAIN_SELF = YES;
				CLANG_WARN_OBJC_LITERAL_CONVERSION = YES;
				CLANG_WARN_OBJC_ROOT_CLASS = YES_ERROR;
				CLANG_WARN_QUOTED_INCLUDE_IN_FRAMEWORK_HEADER = YES;
				CLANG_WARN_RANGE_LOOP_ANALYSIS = YES;
				CLANG_WARN_STRICT_PROTOTYPES = YES;
				CLANG_WARN_SUSPICIOUS_MOVE = YES;
				CLANG_WARN_UNGUARDED_AVAILABILITY = YES_AGGRESSIVE;
				CLANG_WARN_UNREACHABLE_CODE = YES;
				CLANG_WARN__DUPLICATE_METHOD_MATCH = YES;
				COPY_PHASE_STRIP = NO;
				DEBUG_INFORMATION_FORMAT = dwarf;
				DEVELOPMENT_TEAM = RFN59MUTQ3;
				ENABLE_STRICT_OBJC_MSGSEND = YES;
				ENABLE_TESTABILITY = YES;
				ENABLE_USER_SCRIPT_SANDBOXING = YES;
				GCC_C_LANGUAGE_STANDARD = gnu17;
				GCC_DYNAMIC_NO_PIC = NO;
				GCC_NO_COMMON_BLOCKS = YES;
				GCC_OPTIMIZATION_LEVEL = 0;
				GCC_PREPROCESSOR_DEFINITIONS = (
					"DEBUG=1",
					"$(inherited)",
				);
				GCC_WARN_64_TO_32_BIT_CONVERSION = YES;
				GCC_WARN_ABOUT_RETURN_TYPE = YES_ERROR;
				GCC_WARN_UNDECLARED_SELECTOR = YES;
				GCC_WARN_UNINITIALIZED_AUTOS = YES_AGGRESSIVE;
				GCC_WARN_UNUSED_FUNCTION = YES;
				GCC_WARN_UNUSED_VARIABLE = YES;
				IPHONEOS_DEPLOYMENT_TARGET = 26.5;
				LOCALIZATION_PREFERS_STRING_CATALOGS = YES;
				MTL_ENABLE_DEBUG_INFO = INCLUDE_SOURCE;
				MTL_FAST_MATH = YES;
				ONLY_ACTIVE_ARCH = YES;
				SDKROOT = iphoneos;
				SWIFT_ACTIVE_COMPILATION_CONDITIONS = "DEBUG $(inherited)";
				SWIFT_OPTIMIZATION_LEVEL = "-Onone";
			};
			name = Debug;
		};
		0A765D3D301FED9B0085B397 /* Release configuration for PBXProject "city of surf" */ = {
			isa = XCBuildConfiguration;
			buildSettings = {
				ALWAYS_SEARCH_USER_PATHS = NO;
				ASSETCATALOG_COMPILER_GENERATE_SWIFT_ASSET_SYMBOL_EXTENSIONS = YES;
				CLANG_ANALYZER_NONNULL = YES;
				CLANG_ANALYZER_NUMBER_OBJECT_CONVERSION = YES_AGGRESSIVE;
				CLANG_CXX_LANGUAGE_STANDARD = "gnu++20";
				CLANG_ENABLE_MODULES = YES;
				CLANG_ENABLE_OBJC_ARC = YES;
				CLANG_ENABLE_OBJC_WEAK = YES;
				CLANG_WARN_BLOCK_CAPTURE_AUTORELEASING = YES;
				CLANG_WARN_BOOL_CONVERSION = YES;
				CLANG_WARN_COMMA = YES;
				CLANG_WARN_CONSTANT_CONVERSION = YES;
				CLANG_WARN_DEPRECATED_OBJC_IMPLEMENTATIONS = YES;
				CLANG_WARN_DIRECT_OBJC_ISA_USAGE = YES_ERROR;
				CLANG_WARN_DOCUMENTATION_COMMENTS = YES;
				CLANG_WARN_EMPTY_BODY = YES;
				CLANG_WARN_ENUM_CONVERSION = YES;
				CLANG_WARN_INFINITE_RECURSION = YES;
				CLANG_WARN_INT_CONVERSION = YES;
				CLANG_WARN_NON_LITERAL_NULL_CONVERSION = YES;
				CLANG_WARN_OBJC_IMPLICIT_RETAIN_SELF = YES;
				CLANG_WARN_OBJC_LITERAL_CONVERSION = YES;
				CLANG_WARN_OBJC_ROOT_CLASS = YES_ERROR;
				CLANG_WARN_QUOTED_INCLUDE_IN_FRAMEWORK_HEADER = YES;
				CLANG_WARN_RANGE_LOOP_ANALYSIS = YES;
				CLANG_WARN_STRICT_PROTOTYPES = YES;
				CLANG_WARN_SUSPICIOUS_MOVE = YES;
				CLANG_WARN_UNGUARDED_AVAILABILITY = YES_AGGRESSIVE;
				CLANG_WARN_UNREACHABLE_CODE = YES;
				CLANG_WARN__DUPLICATE_METHOD_MATCH = YES;
				COPY_PHASE_STRIP = NO;
				DEBUG_INFORMATION_FORMAT = "dwarf-with-dsym";
				DEVELOPMENT_TEAM = RFN59MUTQ3;
				ENABLE_NS_ASSERTIONS = NO;
				ENABLE_STRICT_OBJC_MSGSEND = YES;
				ENABLE_USER_SCRIPT_SANDBOXING = YES;
				GCC_C_LANGUAGE_STANDARD = gnu17;
				GCC_NO_COMMON_BLOCKS = YES;
				GCC_WARN_64_TO_32_BIT_CONVERSION = YES;
				GCC_WARN_ABOUT_RETURN_TYPE = YES_ERROR;
				GCC_WARN_UNDECLARED_SELECTOR = YES;
				GCC_WARN_UNINITIALIZED_AUTOS = YES_AGGRESSIVE;
				GCC_WARN_UNUSED_FUNCTION = YES;
				GCC_WARN_UNUSED_VARIABLE = YES;
				IPHONEOS_DEPLOYMENT_TARGET = 26.5;
				LOCALIZATION_PREFERS_STRING_CATALOGS = YES;
				MTL_ENABLE_DEBUG_INFO = NO;
				MTL_FAST_MATH = YES;
				SDKROOT = iphoneos;
				SWIFT_COMPILATION_MODE = wholemodule;
				VALIDATE_PRODUCT = YES;
			};
			name = Release;
		};
		0A765D3F301FED9B0085B397 /* Debug configuration for PBXNativeTarget "city of surfTests" */ = {
			isa = XCBuildConfiguration;
			buildSettings = {
				BUNDLE_LOADER = "$(TEST_HOST)";
				CODE_SIGN_STYLE = Automatic;
				CURRENT_PROJECT_VERSION = 1;
				DEVELOPMENT_TEAM = RFN59MUTQ3;
				GENERATE_INFOPLIST_FILE = YES;
				IPHONEOS_DEPLOYMENT_TARGET = 26.5;
				MARKETING_VERSION = 1.0;
				PRODUCT_BUNDLE_IDENTIFIER = "silkrock.city-of-surfTests";
				PRODUCT_NAME = "$(TARGET_NAME)";
				STRING_CATALOG_GENERATE_SYMBOLS = NO;
				SWIFT_APPROACHABLE_CONCURRENCY = YES;
				SWIFT_EMIT_LOC_STRINGS = NO;
				SWIFT_UPCOMING_FEATURE_MEMBER_IMPORT_VISIBILITY = YES;
				SWIFT_VERSION = 5.0;
				TARGETED_DEVICE_FAMILY = "1,2";
				TEST_HOST = "$(BUILT_PRODUCTS_DIR)/city of surf.app/$(BUNDLE_EXECUTABLE_FOLDER_PATH)/city of surf";
			};
			name = Debug;
		};
		0A765D40301FED9B0085B397 /* Release configuration for PBXNativeTarget "city of surfTests" */ = {
			isa = XCBuildConfiguration;
			buildSettings = {
				BUNDLE_LOADER = "$(TEST_HOST)";
				CODE_SIGN_STYLE = Automatic;
				CURRENT_PROJECT_VERSION = 1;
				DEVELOPMENT_TEAM = RFN59MUTQ3;
				GENERATE_INFOPLIST_FILE = YES;
				IPHONEOS_DEPLOYMENT_TARGET = 26.5;
				MARKETING_VERSION = 1.0;
				PRODUCT_BUNDLE_IDENTIFIER = "silkrock.city-of-surfTests";
				PRODUCT_NAME = "$(TARGET_NAME)";
				STRING_CATALOG_GENERATE_SYMBOLS = NO;
				SWIFT_APPROACHABLE_CONCURRENCY = YES;
				SWIFT_EMIT_LOC_STRINGS = NO;
				SWIFT_UPCOMING_FEATURE_MEMBER_IMPORT_VISIBILITY = YES;
				SWIFT_VERSION = 5.0;
				TARGETED_DEVICE_FAMILY = "1,2";
				TEST_HOST = "$(BUILT_PRODUCTS_DIR)/city of surf.app/$(BUNDLE_EXECUTABLE_FOLDER_PATH)/city of surf";
			};
			name = Release;
		};
		0A765D42301FED9B0085B397 /* Debug configuration for PBXNativeTarget "city of surfUITests" */ = {
			isa = XCBuildConfiguration;
			buildSettings = {
				CODE_SIGN_STYLE = Automatic;
				CURRENT_PROJECT_VERSION = 1;
				DEVELOPMENT_TEAM = RFN59MUTQ3;
				GENERATE_INFOPLIST_FILE = YES;
				MARKETING_VERSION = 1.0;
				PRODUCT_BUNDLE_IDENTIFIER = "silkrock.city-of-surfUITests";
				PRODUCT_NAME = "$(TARGET_NAME)";
				STRING_CATALOG_GENERATE_SYMBOLS = NO;
				SWIFT_APPROACHABLE_CONCURRENCY = YES;
				SWIFT_EMIT_LOC_STRINGS = NO;
				SWIFT_UPCOMING_FEATURE_MEMBER_IMPORT_VISIBILITY = YES;
				SWIFT_VERSION = 5.0;
				TARGETED_DEVICE_FAMILY = "1,2";
				TEST_TARGET_NAME = "city of surf";
			};
			name = Debug;
		};
		0A765D43301FED9B0085B397 /* Release configuration for PBXNativeTarget "city of surfUITests" */ = {
			isa = XCBuildConfiguration;
			buildSettings = {
				CODE_SIGN_STYLE = Automatic;
				CURRENT_PROJECT_VERSION = 1;
				DEVELOPMENT_TEAM = RFN59MUTQ3;
				GENERATE_INFOPLIST_FILE = YES;
				MARKETING_VERSION = 1.0;
				PRODUCT_BUNDLE_IDENTIFIER = "silkrock.city-of-surfUITests";
				PRODUCT_NAME = "$(TARGET_NAME)";
				STRING_CATALOG_GENERATE_SYMBOLS = NO;
				SWIFT_APPROACHABLE_CONCURRENCY = YES;
				SWIFT_EMIT_LOC_STRINGS = NO;
				SWIFT_UPCOMING_FEATURE_MEMBER_IMPORT_VISIBILITY = YES;
				SWIFT_VERSION = 5.0;
				TARGETED_DEVICE_FAMILY = "1,2";
				TEST_TARGET_NAME = "city of surf";
			};
			name = Release;
		};
/* End XCBuildConfiguration section */

/* Begin XCConfigurationList section */
		0A765D09301FED990085B397 /* Build configuration list for PBXProject "city of surf" */ = {
			isa = XCConfigurationList;
			buildConfigurations = (
				0A765D3C301FED9B0085B397 /* Debug configuration for PBXProject "city of surf" */,
				0A765D3D301FED9B0085B397 /* Release configuration for PBXProject "city of surf" */,
			);
			defaultConfigurationName = Release;
		};
		0A765D39301FED9B0085B397 /* Build configuration list for PBXNativeTarget "city of surf" */ = {
			isa = XCConfigurationList;
			buildConfigurations = (
				0A765D3A301FED9B0085B397 /* Debug configuration for PBXNativeTarget "city of surf" */,
				0A765D3B301FED9B0085B397 /* Release configuration for PBXNativeTarget "city of surf" */,
			);
			defaultConfigurationName = Release;
		};
		0A765D3E301FED9B0085B397 /* Build configuration list for PBXNativeTarget "city of surfTests" */ = {
			isa = XCConfigurationList;
			buildConfigurations = (
				0A765D3F301FED9B0085B397 /* Debug configuration for PBXNativeTarget "city of surfTests" */,
				0A765D40301FED9B0085B397 /* Release configuration for PBXNativeTarget "city of surfTests" */,
			);
			defaultConfigurationName = Release;
		};
		0A765D41301FED9B0085B397 /* Build configuration list for PBXNativeTarget "city of surfUITests" */ = {
			isa = XCConfigurationList;
			buildConfigurations = (
				0A765D42301FED9B0085B397 /* Debug configuration for PBXNativeTarget "city of surfUITests" */,
				0A765D43301FED9B0085B397 /* Release configuration for PBXNativeTarget "city of surfUITests" */,
			);
			defaultConfigurationName = Release;
		};
/* End XCConfigurationList section */
	};
	rootObject = 0A765D06301FED990085B397 /* Project object */;
}
